// !$*UTF8*$!
{
	archiveVersion = 1;
	classes = {
	};
	objectVersion = 50;
	objects = {

/* Begin PBXBuildFile section */
		F4020AA4251E730F00C3E44F /* AppDelegate.swift in Sources */ = {isa = PBXBuildFile; fileRef = F4020AA3251E730F00C3E44F /* AppDelegate.swift */; };
		F4020AA6251E730F00C3E44F /* SceneDelegate.swift in Sources */ = {isa = PBXBuildFile; fileRef = F4020AA5251E730F00C3E44F /* SceneDelegate.swift */; };
		F4020AA8251E730F00C3E44F /* ViewController.swift in Sources */ = {isa = PBXBuildFile; fileRef = F4020AA7251E730F00C3E44F /* ViewController.swift */; };
		F4020AAB251E730F00C3E44F /* Main.storyboard in Resources */ = {isa = PBXBuildFile; fileRef = F4020AA9251E730F00C3E44F /* Main.storyboard */; };
		F4020AAD251E731100C3E44F /* Assets.xcassets in Resources */ = {isa = PBXBuildFile; fileRef = F4020AAC251E731100C3E44F /* Assets.xcassets */; };
		F4020AB0251E731100C3E44F /* LaunchScreen.storyboard in Resources */ = {isa = PBXBuildFile; fileRef = F4020AAE251E731100C3E44F /* LaunchScreen.storyboard */; };
		F4020ABC251E8F2200C3E44F /* GamePlay.storyboard in Resources */ = {isa = PBXBuildFile; fileRef = F4020ABB251E8F2200C3E44F /* GamePlay.storyboard */; };
		F4020AC2251E904700C3E44F /* GamePlayViewController.swift in Sources */ = {isa = PBXBuildFile; fileRef = F4020AC1251E904700C3E44F /* GamePlayViewController.swift */; };
		F4020AC5251E914300C3E44F /* UIViewExtension.swift in Sources */ = {isa = PBXBuildFile; fileRef = F4020AC4251E914300C3E44F /* UIViewExtension.swift */; };
		F4020AC72520F8C600C3E44F /* CardCollectionViewCell.swift in Sources */ = {isa = PBXBuildFile; fileRef = F4020AC62520F8C600C3E44F /* CardCollectionViewCell.swift */; };
		F4020AC92520FA7100C3E44F /* GamePlayModel.swift in Sources */ = {isa = PBXBuildFile; fileRef = F4020AC82520FA7100C3E44F /* GamePlayModel.swift */; };
		F4020ACC2520FABC00C3E44F /* DecksModel.swift in Sources */ = {isa = PBXBuildFile; fileRef = F4020ACB2520FABC00C3E44F /* DecksModel.swift */; };
		F4020ACE2520FACA00C3E44F /* Deck.swift in Sources */ = {isa = PBXBuildFile; fileRef = F4020ACD2520FACA00C3E44F /* Deck.swift */; };
/* End PBXBuildFile section */

/* Begin PBXFileReference section */
		F4020AA0251E730F00C3E44F /* Matching Card Game.app */ = {isa = PBXFileReference; explicitFileType = wrapper.application; includeInIndex = 0; path = "Matching Card Game.app"; sourceTree = BUILT_PRODUCTS_DIR; };
		F4020AA3251E730F00C3E44F /* AppDelegate.swift */ = {isa = PBXFileReference; lastKnownFileType = sourcecode.swift; path = AppDelegate.swift; sourceTree = "<group>"; };
		F4020AA5251E730F00C3E44F /* SceneDelegate.swift */ = {isa = PBXFileReference; lastKnownFileType = sourcecode.swift; path = SceneDelegate.swift; sourceTree = "<group>"; };
		F4020AA7251E730F00C3E44F /* ViewController.swift */ = {isa = PBXFileReference; lastKnownFileType = sourcecode.swift; path = ViewController.swift; sourceTree = "<group>"; };
		F4020AAA251E730F00C3E44F /* Base */ = {isa = PBXFileReference; lastKnownFileType = file.storyboard; name = Base; path = Base.lproj/Main.storyboard; sourceTree = "<group>"; };
		F4020AAC251E731100C3E44F /* Assets.xcassets */ = {isa = PBXFileReference; lastKnownFileType = folder.assetcatalog; path = Assets.xcassets; sourceTree = "<group>"; };
		F4020AAF251E731100C3E44F /* Base */ = {isa = PBXFileReference; lastKnownFileType = file.storyboard; name = Base; path = Base.lproj/LaunchScreen.storyboard; sourceTree = "<group>"; };
		F4020AB1251E731100C3E44F /* Info.plist */ = {isa = PBXFileReference; lastKnownFileType = text.plist.xml; path = Info.plist; sourceTree = "<group>"; };
		F4020ABB251E8F2200C3E44F /* GamePlay.storyboard */ = {isa = PBXFileReference; lastKnownFileType = file.storyboard; path = GamePlay.storyboard; sourceTree = "<group>"; };
		F4020AC1251E904700C3E44F /* GamePlayViewController.swift */ = {isa = PBXFileReference; lastKnownFileType = sourcecode.swift; path = GamePlayViewController.swift; sourceTree = "<group>"; };
		F4020AC4251E914300C3E44F /* UIViewExtension.swift */ = {isa = PBXFileReference; lastKnownFileType = sourcecode.swift; path = UIViewExtension.swift; sourceTree = "<group>"; };
		F4020AC62520F8C600C3E44F /* CardCollectionViewCell.swift */ = {isa = PBXFileReference; lastKnownFileType = sourcecode.swift; path = CardCollectionViewCell.swift; sourceTree = "<group>"; };
		F4020AC82520FA7100C3E44F /* GamePlayModel.swift */ = {isa = PBXFileReference; lastKnownFileType = sourcecode.swift; path = GamePlayModel.swift; sourceTree = "<group>"; };
		F4020ACB2520FABC00C3E44F /* DecksModel.swift */ = {isa = PBXFileReference; lastKnownFileType = sourcecode.swift; path = DecksModel.swift; sourceTree = "<group>"; };
		F4020ACD2520FACA00C3E44F /* Deck.swift */ = {isa = PBXFileReference; lastKnownFileType = sourcecode.swift; path = Deck.swift; sourceTree = "<group>"; };
/* End PBXFileReference section */

/* Begin PBXFrameworksBuildPhase section */
		F4020A9D251E730F00C3E44F /* Frameworks */ = {
			isa = PBXFrameworksBuildPhase;
			buildActionMask = 2147483647;
			files = (
			);
			runOnlyForDeploymentPostprocessing = 0;
		};
/* End PBXFrameworksBuildPhase section */

/* Begin PBXGroup section */
		F4020A97251E730F00C3E44F = {
			isa = PBXGroup;
			children = (
				F4020AA2251E730F00C3E44F /* Matching Card Game */,
				F4020AA1251E730F00C3E44F /* Products */,
			);
			sourceTree = "<group>";
		};
		F4020AA1251E730F00C3E44F /* Products */ = {
			isa = PBXGroup;
			children = (
				F4020AA0251E730F00C3E44F /* Matching Card Game.app */,
			);
			name = Products;
			sourceTree = "<group>";
		};
		F4020AA2251E730F00C3E44F /* Matching Card Game */ = {
			isa = PBXGroup;
			children = (
				F4020ACA2520FA8500C3E44F /* Decks */,
				F4020AC3251E90F100C3E44F /* Extensions */,
				F4020AB8251E8DE300C3E44F /* Game Play */,
				F4020AB7251E741A00C3E44F /* Supporting FIles */,
				F4020AA7251E730F00C3E44F /* ViewController.swift */,
				F4020AA9251E730F00C3E44F /* Main.storyboard */,
			);
			path = "Matching Card Game";
			sourceTree = "<group>";
		};
		F4020AB7251E741A00C3E44F /* Supporting FIles */ = {
			isa = PBXGroup;
			children = (
				F4020AA3251E730F00C3E44F /* AppDelegate.swift */,
				F4020AA5251E730F00C3E44F /* SceneDelegate.swift */,
				F4020AAC251E731100C3E44F /* Assets.xcassets */,
				F4020AAE251E731100C3E44F /* LaunchScreen.storyboard */,
				F4020AB1251E731100C3E44F /* Info.plist */,
			);
			name = "Supporting FIles";
			sourceTree = "<group>";
		};
		F4020AB8251E8DE300C3E44F /* Game Play */ = {
			isa = PBXGroup;
			children = (
				F4020ABB251E8F2200C3E44F /* GamePlay.storyboard */,
				F4020AC1251E904700C3E44F /* GamePlayViewController.swift */,
				F4020AC82520FA7100C3E44F /* GamePlayModel.swift */,
			);
			path = "Game Play";
			sourceTree = "<group>";
		};
		F4020AC3251E90F100C3E44F /* Extensions */ = {
			isa = PBXGroup;
			children = (
				F4020AC4251E914300C3E44F /* UIViewExtension.swift */,
				F4020AC62520F8C600C3E44F /* CardCollectionViewCell.swift */,
			);
			path = Extensions;
			sourceTree = "<group>";
		};
		F4020ACA2520FA8500C3E44F /* Decks */ = {
			isa = PBXGroup;
			children = (
				F4020ACB2520FABC00C3E44F /* DecksModel.swift */,
				F4020ACD2520FACA00C3E44F /* Deck.swift */,
			);
			path = Decks;
			sourceTree = "<group>";
		};
/* End PBXGroup section */

/* Begin PBXNativeTarget section */
		F4020A9F251E730F00C3E44F /* Matching Card Game */ = {
			isa = PBXNativeTarget;
			buildConfigurationList = F4020AB4251E731100C3E44F /* Build configuration list for PBXNativeTarget "Matching Card Game" */;
			buildPhases = (
				F4020A9C251E730F00C3E44F /* Sources */,
				F4020A9D251E730F00C3E44F /* Frameworks */,
				F4020A9E251E730F00C3E44F /* Resources */,
			);
			buildRules = (
			);
			dependencies = (
			);
			name = "Matching Card Game";
			productName = "Matching Card Game";
			productReference = F4020AA0251E730F00C3E44F /* Matching Card Game.app */;
			productType = "com.apple.product-type.application";
		};
/* End PBXNativeTarget section */

/* Begin PBXProject section */
		F4020A98251E730F00C3E44F /* Project object */ = {
			isa = PBXProject;
			attributes = {
				LastSwiftUpdateCheck = 1160;
				LastUpgradeCheck = 1160;
				ORGANIZATIONNAME = Bongo;
				TargetAttributes = {
					F4020A9F251E730F00C3E44F = {
						CreatedOnToolsVersion = 11.6;
					};
				};
			};
			buildConfigurationList = F4020A9B251E730F00C3E44F /* Build configuration list for PBXProject "Matching Card Game" */;
			compatibilityVersion = "Xcode 9.3";
			developmentRegion = en;
			hasScannedForEncodings = 0;
			knownRegions = (
				en,
				Base,
			);
			mainGroup = F4020A97251E730F00C3E44F;
			productRefGroup = F4020AA1251E730F00C3E44F /* Products */;
			projectDirPath = "";
			projectRoot = "";
			targets = (
				F4020A9F251E730F00C3E44F /* Matching Card Game */,
			);
		};
/* End PBXProject section */

/* Begin PBXResourcesBuildPhase section */
		F4020A9E251E730F00C3E44F /* Resources */ = {
			isa = PBXResourcesBuildPhase;
			buildActionMask = 2147483647;
			files = (
				F4020AB0251E731100C3E44F /* LaunchScreen.storyboard in Resources */,
				F4020AAD251E731100C3E44F /* Assets.xcassets in Resources */,
				F4020ABC251E8F2200C3E44F /* GamePlay.storyboard in Resources */,
				F4020AAB251E730F00C3E44F /* Main.storyboard in Resources */,
			);
			runOnlyForDeploymentPostprocessing = 0;
		};
/* End PBXResourcesBuildPhase section */

/* Begin PBXSourcesBuildPhase section */
		F4020A9C251E730F00C3E44F /* Sources */ = {
			isa = PBXSourcesBuildPhase;
			buildActionMask = 2147483647;
			files = (
				F4020ACE2520FACA00C3E44F /* Deck.swift in Sources */,
				F4020AC5251E914300C3E44F /* UIViewExtension.swift in Sources */,
				F4020AA8251E730F00C3E44F /* ViewController.swift in Sources */,
				F4020AA4251E730F00C3E44F /* AppDelegate.swift in Sources */,
				F4020AC2251E904700C3E44F /* GamePlayViewController.swift in Sources */,
				F4020AC92520FA7100C3E44F /* GamePlayModel.swift in Sources */,
				F4020AC72520F8C600C3E44F /* CardCollectionViewCell.swift in Sources */,
				F4020ACC2520FABC00C3E44F /* DecksModel.swift in Sources */,
				F4020AA6251E730F00C3E44F /* SceneDelegate.swift in Sources */,
			);
			runOnlyForDeploymentPostprocessing = 0;
		};
/* End PBXSourcesBuildPhase section */

/* Begin PBXVariantGroup section */
		F4020AA9251E730F00C3E44F /* Main.storyboard */ = {
			isa = PBXVariantGroup;
			children = (
				F4020AAA251E730F00C3E44F /* Base */,
			);
			name = Main.storyboard;
			sourceTree = "<group>";
		};
		F4020AAE251E731100C3E44F /* LaunchScreen.storyboard */ = {
			isa = PBXVariantGroup;
			children = (
				F4020AAF251E731100C3E44F /* Base */,
			);
			name = LaunchScreen.storyboard;
			sourceTree = "<group>";
		};
/* End PBXVariantGroup section */

/* Begin XCBuildConfiguration section */
		F4020AB2251E731100C3E44F /* Debug */ = {
			isa = XCBuildConfiguration;
			buildSettings = {
				ALWAYS_SEARCH_USER_PATHS = NO;
				CLANG_ANALYZER_NONNULL = YES;
				CLANG_ANALYZER_NUMBER_OBJECT_CONVERSION = YES_AGGRESSIVE;
				CLANG_CXX_LANGUAGE_STANDARD = "gnu++14";
				CLANG_CXX_LIBRARY = "libc++";
				CLANG_ENABLE_MODULES = YES;
				CLANG_ENABLE_OBJC_ARC = YES;
				CLANG_ENABLE_OBJC_WEAK = YES;
				CLANG_WARN_BLOCK_CAPTURE_AUTORELEASING = YES;
				CLANG_WARN_BOOL_CONVERSION = YES;
				CLANG_WARN_COMMA = YES;
				CLANG_WARN_CONSTANT_CONVERSION = YES;
				CLANG_WARN_DEPRECATED_OBJC_IMPLEMENTATIONS = YES;
				CLANG_WARN_DIRECT_OBJC_ISA_USAGE = YES_ERROR;
				CLANG_WARN_DOCUMENTATION_COMMENTS = YES;
				CLANG_WARN_EMPTY_BODY = YES;
				CLANG_WARN_ENUM_CONVERSION = YES;
				CLANG_WARN_INFINITE_RECURSION = YES;
				CLANG_WARN_INT_CONVERSION = YES;
				CLANG_WARN_NON_LITERAL_NULL_CONVERSION = YES;
				CLANG_WARN_OBJC_IMPLICIT_RETAIN_SELF = YES;
				CLANG_WARN_OBJC_LITERAL_CONVERSION = YES;
				CLANG_WARN_OBJC_ROOT_CLASS = YES_ERROR;
				CLANG_WARN_RANGE_LOOP_ANALYSIS = YES;
				CLANG_WARN_STRICT_PROTOTYPES = YES;
				CLANG_WARN_SUSPICIOUS_MOVE = YES;
				CLANG_WARN_UNGUARDED_AVAILABILITY = YES_AGGRESSIVE;
				CLANG_WARN_UNREACHABLE_CODE = YES;
				CLANG_WARN__DUPLICATE_METHOD_MATCH = YES;
				COPY_PHASE_STRIP = NO;
				DEBUG_INFORMATION_FORMAT = dwarf;
				ENABLE_STRICT_OBJC_MSGSEND = YES;
				ENABLE_TESTABILITY = YES;
				GCC_C_LANGUAGE_STANDARD = gnu11;
				GCC_DYNAMIC_NO_PIC = NO;
				GCC_NO_COMMON_BLOCKS = YES;
				GCC_OPTIMIZATION_LEVEL = 0;
				GCC_PREPROCESSOR_DEFINITIONS = (
					"DEBUG=1",
					"$(inherited)",
				);
				GCC_WARN_64_TO_32_BIT_CONVERSION = YES;
				GCC_WARN_ABOUT_RETURN_TYPE = YES_ERROR;
				GCC_WARN_UNDECLARED_SELECTOR = YES;
				GCC_WARN_UNINITIALIZED_AUTOS = YES_AGGRESSIVE;
				GCC_WARN_UNUSED_FUNCTION = YES;
				GCC_WARN_UNUSED_VARIABLE = YES;
				IPHONEOS_DEPLOYMENT_TARGET = 13.6;
				MTL_ENABLE_DEBUG_INFO = INCLUDE_SOURCE;
				MTL_FAST_MATH = YES;
				ONLY_ACTIVE_ARCH = YES;
				SDKROOT = iphoneos;
				SWIFT_ACTIVE_COMPILATION_CONDITIONS = DEBUG;
				SWIFT_OPTIMIZATION_LEVEL = "-Onone";
			};
			name = Debug;
		};
		F4020AB3251E731100C3E44F /* Release */ = {
			isa = XCBuildConfiguration;
			buildSettings = {
				ALWAYS_SEARCH_USER_PATHS = NO;
				CLANG_ANALYZER_NONNULL = YES;
				CLANG_ANALYZER_NUMBER_OBJECT_CONVERSION = YES_AGGRESSIVE;
				CLANG_CXX_LANGUAGE_STANDARD = "gnu++14";
				CLANG_CXX_LIBRARY = "libc++";
				CLANG_ENABLE_MODULES = YES;
				CLANG_ENABLE_OBJC_ARC = YES;
				CLANG_ENABLE_OBJC_WEAK = YES;
				CLANG_WARN_BLOCK_CAPTURE_AUTORELEASING = YES;
				CLANG_WARN_BOOL_CONVERSION = YES;
				CLANG_WARN_COMMA = YES;
				CLANG_WARN_CONSTANT_CONVERSION = YES;
				CLANG_WARN_DEPRECATED_OBJC_IMPLEMENTATIONS = YES;
				CLANG_WARN_DIRECT_OBJC_ISA_USAGE = YES_ERROR;
				CLANG_WARN_DOCUMENTATION_COMMENTS = YES;
				CLANG_WARN_EMPTY_BODY = YES;
				CLANG_WARN_ENUM_CONVERSION = YES;
				CLANG_WARN_INFINITE_RECURSION = YES;
				CLANG_WARN_INT_CONVERSION = YES;
				CLANG_WARN_NON_LITERAL_NULL_CONVERSION = YES;
				CLANG_WARN_OBJC_IMPLICIT_RETAIN_SELF = YES;
				CLANG_WARN_OBJC_LITERAL_CONVERSION = YES;
				CLANG_WARN_OBJC_ROOT_CLASS = YES_ERROR;
				CLANG_WARN_RANGE_LOOP_ANALYSIS = YES;
				CLANG_WARN_STRICT_PROTOTYPES = YES;
				CLANG_WARN_SUSPICIOUS_MOVE = YES;
				CLANG_WARN_UNGUARDED_AVAILABILITY = YES_AGGRESSIVE;
				CLANG_WARN_UNREACHABLE_CODE = YES;
				CLANG_WARN__DUPLICATE_METHOD_MATCH = YES;
				COPY_PHASE_STRIP = NO;
				DEBUG_INFORMATION_FORMAT = "dwarf-with-dsym";
				ENABLE_NS_ASSERTIONS = NO;
				ENABLE_STRICT_OBJC_MSGSEND = YES;
				GCC_C_LANGUAGE_STANDARD = gnu11;
				GCC_NO_COMMON_BLOCKS = YES;
				GCC_WARN_64_TO_32_BIT_CONVERSION = YES;
				GCC_WARN_ABOUT_RETURN_TYPE = YES_ERROR;
				GCC_WARN_UNDECLARED_SELECTOR = YES;
				GCC_WARN_UNINITIALIZED_AUTOS = YES_AGGRESSIVE;
				GCC_WARN_UNUSED_FUNCTION = YES;
				GCC_WARN_UNUSED_VARIABLE = YES;
				IPHONEOS_DEPLOYMENT_TARGET = 13.6;
				MTL_ENABLE_DEBUG_INFO = NO;
				MTL_FAST_MATH = YES;
				SDKROOT = iphoneos;
				SWIFT_COMPILATION_MODE = wholemodule;
				SWIFT_OPTIMIZATION_LEVEL = "-O";
				VALIDATE_PRODUCT = YES;
			};
			name = Release;
		};
		F4020AB5251E731100C3E44F /* Debug */ = {
			isa = XCBuildConfiguration;
			buildSettings = {
				ASSETCATALOG_COMPILER_APPICON_NAME = AppIcon;
				CODE_SIGN_STYLE = Automatic;
				DEVELOPMENT_TEAM = ALK23486LB;
				INFOPLIST_FILE = "Matching Card Game/Info.plist";
				LD_RUNPATH_SEARCH_PATHS = (
					"$(inherited)",
					"@executable_path/Frameworks",
				);
				PRODUCT_BUNDLE_IDENTIFIER = "com.ZorpCorp.Matching-Card-Game";
				PRODUCT_NAME = "$(TARGET_NAME)";
				SWIFT_VERSION = 5.0;
				TARGETED_DEVICE_FAMILY = "1,2";
			};
			name = Debug;
		};
		F4020AB6251E731100C3E44F /* Release */ = {
			isa = XCBuildConfiguration;
			buildSettings = {
				ASSETCATALOG_COMPILER_APPICON_NAME = AppIcon;
				CODE_SIGN_STYLE = Automatic;
				DEVELOPMENT_TEAM = ALK23486LB;
				INFOPLIST_FILE = "Matching Card Game/Info.plist";
				LD_RUNPATH_SEARCH_PATHS = (
					"$(inherited)",
					"@executable_path/Frameworks",
				);
				PRODUCT_BUNDLE_IDENTIFIER = "com.ZorpCorp.Matching-Card-Game";
				PRODUCT_NAME = "$(TARGET_NAME)";
				SWIFT_VERSION = 5.0;
				TARGETED_DEVICE_FAMILY = "1,2";
			};
			name = Release;
		};
/* End XCBuildConfiguration section */

/* Begin XCConfigurationList section */
		F4020A9B251E730F00C3E44F /* Build configuration list for PBXProject "Matching Card Game" */ = {
			isa = XCConfigurationList;
			buildConfigurations = (
				F4020AB2251E731100C3E44F /* Debug */,
				F4020AB3251E731100C3E44F /* Release */,
			);
			defaultConfigurationIsVisible = 0;
			defaultConfigurationName = Release;
		};
		F4020AB4251E731100C3E44F /* Build configuration list for PBXNativeTarget "Matching Card Game" */ = {
			isa = XCConfigurationList;
			buildConfigurations = (
				F4020AB5251E731100C3E44F /* Debug */,
				F4020AB6251E731100C3E44F /* Release */,
			);
			defaultConfigurationIsVisible = 0;
			defaultConfigurationName = Release;
		};
/* End XCConfigurationList section */
	};
	rootObject = F4020A98251E730F00C3E44F /* Project object */;
}
